
Microsoft Visual Studio Solution File, Format Version 12.00
# Visual Studio Version 17
VisualStudioVersion = 17.8.34309.116
MinimumVisualStudioVersion = 10.0.40219.1
Project("{8BC9CEB8-8B4A-11D0-8D11-00A0C91BC942}") = "Danofred", "Danofred\Danofred.vcxproj", "{504AE0CD-543C-479F-9EE1-630F3EE5A6E8}"
EndProject
Global
	GlobalSection(SolutionConfigurationPlatforms) = preSolution
		Debug|x64 = Debug|x64
		Debug|x86 = Debug|x86
		Release|x64 = Release|x64
		Release|x86 = Release|x86
	EndGlobalSection
	GlobalSection(ProjectConfigurationPlatforms) = postSolution
		{504AE0CD-543C-479F-9EE1-630F3EE5A6E8}.Debug|x64.ActiveCfg = Debug|x64
		{504AE0CD-543C-479F-9EE1-630F3EE5A6E8}.Debug|x64.Build.0 = Debug|x64
		{504AE0CD-543C-479F-9EE1-630F3EE5A6E8}.Debug|x86.ActiveCfg = Debug|Win32
		{504AE0CD-543C-479F-9EE1-630F3EE5A6E8}.Debug|x86.Build.0 = Debug|Win32
		{504AE0CD-543C-479F-9EE1-630F3EE5A6E8}.Release|x64.ActiveCfg = Release|x64
		{504AE0CD-543C-479F-9EE1-630F3EE5A6E8}.Release|x64.Build.0 = Release|x64
		{504AE0CD-543C-479F-9EE1-630F3EE5A6E8}.Release|x86.ActiveCfg = Release|Win32
		{504AE0CD-543C-479F-9EE1-630F3EE5A6E8}.Release|x86.Build.0 = Release|Win32
	EndGlobalSection
	GlobalSection(SolutionProperties) = preSolution
		HideSolutionNode = FALSE
	EndGlobalSection
	GlobalSection(ExtensibilityGlobals) = postSolution
		SolutionGuid = {E80C5476-CC64-42CD-ACAF-70C0008504DB}
	EndGlobalSection
EndGlobal
